// !$*UTF8*$!
{
	archiveVersion = 1;
	classes = {
	};
	objectVersion = 46;
	objects = {

/* Begin PBXBuildFile section */
		1539605F19CE556B000BF2AE /* main.m in Sources */ = {isa = PBXBuildFile; fileRef = 1539605E19CE556B000BF2AE /* main.m */; };
		1539606219CE556B000BF2AE /* AppDelegate.m in Sources */ = {isa = PBXBuildFile; fileRef = 1539606119CE556B000BF2AE /* AppDelegate.m */; };
		1539606D19CE556B000BF2AE /* Images.xcassets in Resources */ = {isa = PBXBuildFile; fileRef = 1539606C19CE556B000BF2AE /* Images.xcassets */; };
		1539607019CE556B000BF2AE /* LaunchScreen.xib in Resources */ = {isa = PBXBuildFile; fileRef = 1539606E19CE556B000BF2AE /* LaunchScreen.xib */; };
		1539607C19CE556B000BF2AE /* FeedLoaderTests.m in Sources */ = {isa = PBXBuildFile; fileRef = 1539607B19CE556B000BF2AE /* FeedLoaderTests.m */; };
		1539608D19CE6AAD000BF2AE /* FeedLoader.xcdatamodeld in Sources */ = {isa = PBXBuildFile; fileRef = 1539608B19CE6AAD000BF2AE /* FeedLoader.xcdatamodeld */; };
		1539609419CE6BC5000BF2AE /* Feed.m in Sources */ = {isa = PBXBuildFile; fileRef = 1539609319CE6BC5000BF2AE /* Feed.m */; };
		1539609719CE6D53000BF2AE /* CoreDataStack.m in Sources */ = {isa = PBXBuildFile; fileRef = 1539609619CE6D53000BF2AE /* CoreDataStack.m */; };
		1539609A19CF0E4A000BF2AE /* FeedDataManager.m in Sources */ = {isa = PBXBuildFile; fileRef = 1539609919CF0E4A000BF2AE /* FeedDataManager.m */; };
		153960B119CF85EC000BF2AE /* FileFeedFetcher.m in Sources */ = {isa = PBXBuildFile; fileRef = 153960A919CF85EC000BF2AE /* FileFeedFetcher.m */; };
		153960B219CF85EC000BF2AE /* FeedManager.m in Sources */ = {isa = PBXBuildFile; fileRef = 153960AC19CF85EC000BF2AE /* FeedManager.m */; };
		153960B319CF85EC000BF2AE /* FeedBuilder.m in Sources */ = {isa = PBXBuildFile; fileRef = 153960B019CF85EC000BF2AE /* FeedBuilder.m */; };
		153960BD19CF8796000BF2AE /* FeedListViewController.m in Sources */ = {isa = PBXBuildFile; fileRef = 153960BB19CF8796000BF2AE /* FeedListViewController.m */; };
		153960C019CF87BA000BF2AE /* FeedListViewController.xib in Resources */ = {isa = PBXBuildFile; fileRef = 153960BF19CF87BA000BF2AE /* FeedListViewController.xib */; };
		153960C319CF8954000BF2AE /* FeedListTableDefaultDataSource.m in Sources */ = {isa = PBXBuildFile; fileRef = 153960C219CF8954000BF2AE /* FeedListTableDefaultDataSource.m */; };
		153960C819CF8A54000BF2AE /* FeedCard.m in Sources */ = {isa = PBXBuildFile; fileRef = 153960C619CF8A54000BF2AE /* FeedCard.m */; };
		153960C919CF8A54000BF2AE /* FeedCard.xib in Resources */ = {isa = PBXBuildFile; fileRef = 153960C719CF8A54000BF2AE /* FeedCard.xib */; };
		1553AB2919CFA3C500D18C16 /* feeds.json in Resources */ = {isa = PBXBuildFile; fileRef = 1553AB2819CFA3C500D18C16 /* feeds.json */; };
		1555EB3619CFB64B0036B59F /* FeedDetailCard.m in Sources */ = {isa = PBXBuildFile; fileRef = 1555EB3519CFB64B0036B59F /* FeedDetailCard.m */; };
		1555EB3819CFB6860036B59F /* FeedDetailCard.xib in Resources */ = {isa = PBXBuildFile; fileRef = 1555EB3719CFB6860036B59F /* FeedDetailCard.xib */; };
		1555EB3D19CFBA380036B59F /* FeedDetailTableDefaultDataSource.m in Sources */ = {isa = PBXBuildFile; fileRef = 1555EB3C19CFBA380036B59F /* FeedDetailTableDefaultDataSource.m */; };
		1555EB4019CFBCEC0036B59F /* FeedDetailViewController.m in Sources */ = {isa = PBXBuildFile; fileRef = 1555EB3F19CFBCEC0036B59F /* FeedDetailViewController.m */; };
		1555EB4219CFBD960036B59F /* FeedDetailViewController.xib in Resources */ = {isa = PBXBuildFile; fileRef = 1555EB4119CFBD960036B59F /* FeedDetailViewController.xib */; };
		15A4D65019D8DF3D009F703B /* FeedCache.m in Sources */ = {isa = PBXBuildFile; fileRef = 15A4D64F19D8DF3D009F703B /* FeedCache.m */; };
		15E55A4719CF9CDF00816EB9 /* ObjectConfigurator.m in Sources */ = {isa = PBXBuildFile; fileRef = 15E55A4619CF9CDF00816EB9 /* ObjectConfigurator.m */; };
		369A6B1A75BE4F108D1F6497 /* libPods.a in Frameworks */ = {isa = PBXBuildFile; fileRef = EFD3A73E4F044FF7AF266EDF /* libPods.a */; };
/* End PBXBuildFile section */

/* Begin PBXContainerItemProxy section */
		1539607619CE556B000BF2AE /* PBXContainerItemProxy */ = {
			isa = PBXContainerItemProxy;
			containerPortal = 1539605119CE556B000BF2AE /* Project object */;
			proxyType = 1;
			remoteGlobalIDString = 1539605819CE556B000BF2AE;
			remoteInfo = FeedLoader;
		};
/* End PBXContainerItemProxy section */

/* Begin PBXFileReference section */
		1539605919CE556B000BF2AE /* FeedLoader.app */ = {isa = PBXFileReference; explicitFileType = wrapper.application; includeInIndex = 0; path = FeedLoader.app; sourceTree = BUILT_PRODUCTS_DIR; };
		1539605D19CE556B000BF2AE /* Info.plist */ = {isa = PBXFileReference; lastKnownFileType = text.plist.xml; path = Info.plist; sourceTree = "<group>"; };
		1539605E19CE556B000BF2AE /* main.m */ = {isa = PBXFileReference; lastKnownFileType = sourcecode.c.objc; path = main.m; sourceTree = "<group>"; };
		1539606019CE556B000BF2AE /* AppDelegate.h */ = {isa = PBXFileReference; lastKnownFileType = sourcecode.c.h; path = AppDelegate.h; sourceTree = "<group>"; };
		1539606119CE556B000BF2AE /* AppDelegate.m */ = {isa = PBXFileReference; lastKnownFileType = sourcecode.c.objc; path = AppDelegate.m; sourceTree = "<group>"; };
		1539606C19CE556B000BF2AE /* Images.xcassets */ = {isa = PBXFileReference; lastKnownFileType = folder.assetcatalog; path = Images.xcassets; sourceTree = "<group>"; };
		1539606F19CE556B000BF2AE /* Base */ = {isa = PBXFileReference; lastKnownFileType = file.xib; name = Base; path = Base.lproj/LaunchScreen.xib; sourceTree = "<group>"; };
		1539607519CE556B000BF2AE /* FeedLoaderTests.xctest */ = {isa = PBXFileReference; explicitFileType = wrapper.cfbundle; includeInIndex = 0; path = FeedLoaderTests.xctest; sourceTree = BUILT_PRODUCTS_DIR; };
		1539607A19CE556B000BF2AE /* Info.plist */ = {isa = PBXFileReference; lastKnownFileType = text.plist.xml; path = Info.plist; sourceTree = "<group>"; };
		1539607B19CE556B000BF2AE /* FeedLoaderTests.m */ = {isa = PBXFileReference; lastKnownFileType = sourcecode.c.objc; path = FeedLoaderTests.m; sourceTree = "<group>"; };
		1539608C19CE6AAD000BF2AE /* FeedLoader.xcdatamodel */ = {isa = PBXFileReference; lastKnownFileType = wrapper.xcdatamodel; path = FeedLoader.xcdatamodel; sourceTree = "<group>"; };
		1539609219CE6BC5000BF2AE /* Feed.h */ = {isa = PBXFileReference; fileEncoding = 4; lastKnownFileType = sourcecode.c.h; path = Feed.h; sourceTree = "<group>"; };
		1539609319CE6BC5000BF2AE /* Feed.m */ = {isa = PBXFileReference; fileEncoding = 4; lastKnownFileType = sourcecode.c.objc; path = Feed.m; sourceTree = "<group>"; };
		1539609519CE6D53000BF2AE /* CoreDataStack.h */ = {isa = PBXFileReference; fileEncoding = 4; lastKnownFileType = sourcecode.c.h; path = CoreDataStack.h; sourceTree = "<group>"; };
		1539609619CE6D53000BF2AE /* CoreDataStack.m */ = {isa = PBXFileReference; fileEncoding = 4; lastKnownFileType = sourcecode.c.objc; path = CoreDataStack.m; sourceTree = "<group>"; };
		1539609819CF0E4A000BF2AE /* FeedDataManager.h */ = {isa = PBXFileReference; fileEncoding = 4; lastKnownFileType = sourcecode.c.h; path = FeedDataManager.h; sourceTree = "<group>"; };
		1539609919CF0E4A000BF2AE /* FeedDataManager.m */ = {isa = PBXFileReference; fileEncoding = 4; lastKnownFileType = sourcecode.c.objc; path = FeedDataManager.m; sourceTree = "<group>"; };
		153960A719CF85EC000BF2AE /* FeedFetcher.h */ = {isa = PBXFileReference; fileEncoding = 4; lastKnownFileType = sourcecode.c.h; path = FeedFetcher.h; sourceTree = "<group>"; };
		153960A819CF85EC000BF2AE /* FileFeedFetcher.h */ = {isa = PBXFileReference; fileEncoding = 4; lastKnownFileType = sourcecode.c.h; path = FileFeedFetcher.h; sourceTree = "<group>"; };
		153960A919CF85EC000BF2AE /* FileFeedFetcher.m */ = {isa = PBXFileReference; fileEncoding = 4; lastKnownFileType = sourcecode.c.objc; path = FileFeedFetcher.m; sourceTree = "<group>"; };
		153960AB19CF85EC000BF2AE /* FeedManager.h */ = {isa = PBXFileReference; fileEncoding = 4; lastKnownFileType = sourcecode.c.h; path = FeedManager.h; sourceTree = "<group>"; };
		153960AC19CF85EC000BF2AE /* FeedManager.m */ = {isa = PBXFileReference; fileEncoding = 4; lastKnownFileType = sourcecode.c.objc; path = FeedManager.m; sourceTree = "<group>"; };
		153960AD19CF85EC000BF2AE /* FeedManagerDelegate.h */ = {isa = PBXFileReference; fileEncoding = 4; lastKnownFileType = sourcecode.c.h; path = FeedManagerDelegate.h; sourceTree = "<group>"; };
		153960AF19CF85EC000BF2AE /* FeedBuilder.h */ = {isa = PBXFileReference; fileEncoding = 4; lastKnownFileType = sourcecode.c.h; path = FeedBuilder.h; sourceTree = "<group>"; };
		153960B019CF85EC000BF2AE /* FeedBuilder.m */ = {isa = PBXFileReference; fileEncoding = 4; lastKnownFileType = sourcecode.c.objc; path = FeedBuilder.m; sourceTree = "<group>"; };
		153960BA19CF8796000BF2AE /* FeedListViewController.h */ = {isa = PBXFileReference; fileEncoding = 4; lastKnownFileType = sourcecode.c.h; path = FeedListViewController.h; sourceTree = "<group>"; };
		153960BB19CF8796000BF2AE /* FeedListViewController.m */ = {isa = PBXFileReference; fileEncoding = 4; lastKnownFileType = sourcecode.c.objc; path = FeedListViewController.m; sourceTree = "<group>"; };
		153960BF19CF87BA000BF2AE /* FeedListViewController.xib */ = {isa = PBXFileReference; fileEncoding = 4; lastKnownFileType = file.xib; path = FeedListViewController.xib; sourceTree = "<group>"; };
		153960C119CF8954000BF2AE /* FeedListTableDefaultDataSource.h */ = {isa = PBXFileReference; fileEncoding = 4; lastKnownFileType = sourcecode.c.h; path = FeedListTableDefaultDataSource.h; sourceTree = "<group>"; };
		153960C219CF8954000BF2AE /* FeedListTableDefaultDataSource.m */ = {isa = PBXFileReference; fileEncoding = 4; lastKnownFileType = sourcecode.c.objc; path = FeedListTableDefaultDataSource.m; sourceTree = "<group>"; };
		153960C519CF8A54000BF2AE /* FeedCard.h */ = {isa = PBXFileReference; fileEncoding = 4; lastKnownFileType = sourcecode.c.h; path = FeedCard.h; sourceTree = "<group>"; };
		153960C619CF8A54000BF2AE /* FeedCard.m */ = {isa = PBXFileReference; fileEncoding = 4; lastKnownFileType = sourcecode.c.objc; path = FeedCard.m; sourceTree = "<group>"; };
		153960C719CF8A54000BF2AE /* FeedCard.xib */ = {isa = PBXFileReference; fileEncoding = 4; lastKnownFileType = file.xib; path = FeedCard.xib; sourceTree = "<group>"; };
		153960CA19CF9043000BF2AE /* FeedListTableDataSource.h */ = {isa = PBXFileReference; fileEncoding = 4; lastKnownFileType = sourcecode.c.h; path = FeedListTableDataSource.h; sourceTree = "<group>"; };
		1553AB2819CFA3C500D18C16 /* feeds.json */ = {isa = PBXFileReference; fileEncoding = 4; lastKnownFileType = text.json; path = feeds.json; sourceTree = "<group>"; };
		1555EB3419CFB64B0036B59F /* FeedDetailCard.h */ = {isa = PBXFileReference; fileEncoding = 4; lastKnownFileType = sourcecode.c.h; path = FeedDetailCard.h; sourceTree = "<group>"; };
		1555EB3519CFB64B0036B59F /* FeedDetailCard.m */ = {isa = PBXFileReference; fileEncoding = 4; lastKnownFileType = sourcecode.c.objc; path = FeedDetailCard.m; sourceTree = "<group>"; };
		1555EB3719CFB6860036B59F /* FeedDetailCard.xib */ = {isa = PBXFileReference; fileEncoding = 4; lastKnownFileType = file.xib; path = FeedDetailCard.xib; sourceTree = "<group>"; };
		1555EB3A19CFB86F0036B59F /* FeedDetailTableDataSource.h */ = {isa = PBXFileReference; fileEncoding = 4; lastKnownFileType = sourcecode.c.h; path = FeedDetailTableDataSource.h; sourceTree = "<group>"; };
		1555EB3B19CFBA380036B59F /* FeedDetailTableDefaultDataSource.h */ = {isa = PBXFileReference; fileEncoding = 4; lastKnownFileType = sourcecode.c.h; path = FeedDetailTableDefaultDataSource.h; sourceTree = "<group>"; };
		1555EB3C19CFBA380036B59F /* FeedDetailTableDefaultDataSource.m */ = {isa = PBXFileReference; fileEncoding = 4; lastKnownFileType = sourcecode.c.objc; path = FeedDetailTableDefaultDataSource.m; sourceTree = "<group>"; };
		1555EB3E19CFBCEC0036B59F /* FeedDetailViewController.h */ = {isa = PBXFileReference; fileEncoding = 4; lastKnownFileType = sourcecode.c.h; path = FeedDetailViewController.h; sourceTree = "<group>"; };
		1555EB3F19CFBCEC0036B59F /* FeedDetailViewController.m */ = {isa = PBXFileReference; fileEncoding = 4; lastKnownFileType = sourcecode.c.objc; path = FeedDetailViewController.m; sourceTree = "<group>"; };
		1555EB4119CFBD960036B59F /* FeedDetailViewController.xib */ = {isa = PBXFileReference; fileEncoding = 4; lastKnownFileType = file.xib; path = FeedDetailViewController.xib; sourceTree = "<group>"; };
		1555EB4319CFC59F0036B59F /* Shareable.h */ = {isa = PBXFileReference; fileEncoding = 4; lastKnownFileType = sourcecode.c.h; path = Shareable.h; sourceTree = "<group>"; };
		15A4D64E19D8DF3D009F703B /* FeedCache.h */ = {isa = PBXFileReference; fileEncoding = 4; lastKnownFileType = sourcecode.c.h; path = FeedCache.h; sourceTree = "<group>"; };
		15A4D64F19D8DF3D009F703B /* FeedCache.m */ = {isa = PBXFileReference; fileEncoding = 4; lastKnownFileType = sourcecode.c.objc; path = FeedCache.m; sourceTree = "<group>"; };
		15E55A4519CF9CDF00816EB9 /* ObjectConfigurator.h */ = {isa = PBXFileReference; fileEncoding = 4; lastKnownFileType = sourcecode.c.h; path = ObjectConfigurator.h; sourceTree = "<group>"; };
		15E55A4619CF9CDF00816EB9 /* ObjectConfigurator.m */ = {isa = PBXFileReference; fileEncoding = 4; lastKnownFileType = sourcecode.c.objc; path = ObjectConfigurator.m; sourceTree = "<group>"; };
		37D8620EB8F943588271952C /* Pods.xcconfig */ = {isa = PBXFileReference; includeInIndex = 1; lastKnownFileType = text.xcconfig; name = Pods.xcconfig; path = Pods/Pods.xcconfig; sourceTree = "<group>"; };
		EFD3A73E4F044FF7AF266EDF /* libPods.a */ = {isa = PBXFileReference; explicitFileType = archive.ar; includeInIndex = 0; path = libPods.a; sourceTree = BUILT_PRODUCTS_DIR; };
/* End PBXFileReference section */

/* Begin PBXFrameworksBuildPhase section */
		1539605619CE556B000BF2AE /* Frameworks */ = {
			isa = PBXFrameworksBuildPhase;
			buildActionMask = 2147483647;
			files = (
				369A6B1A75BE4F108D1F6497 /* libPods.a in Frameworks */,
			);
			runOnlyForDeploymentPostprocessing = 0;
		};
		1539607219CE556B000BF2AE /* Frameworks */ = {
			isa = PBXFrameworksBuildPhase;
			buildActionMask = 2147483647;
			files = (
			);
			runOnlyForDeploymentPostprocessing = 0;
		};
/* End PBXFrameworksBuildPhase section */

/* Begin PBXGroup section */
		1539605019CE556B000BF2AE = {
			isa = PBXGroup;
			children = (
				1539605B19CE556B000BF2AE /* FeedLoader */,
				1539607819CE556B000BF2AE /* FeedLoaderTests */,
				1539605A19CE556B000BF2AE /* Products */,
				37D8620EB8F943588271952C /* Pods.xcconfig */,
				922770E13C1E44C3B31DF01A /* Frameworks */,
			);
			sourceTree = "<group>";
		};
		1539605A19CE556B000BF2AE /* Products */ = {
			isa = PBXGroup;
			children = (
				1539605919CE556B000BF2AE /* FeedLoader.app */,
				1539607519CE556B000BF2AE /* FeedLoaderTests.xctest */,
			);
			name = Products;
			sourceTree = "<group>";
		};
		1539605B19CE556B000BF2AE /* FeedLoader */ = {
			isa = PBXGroup;
			children = (
				1539606019CE556B000BF2AE /* AppDelegate.h */,
				1539606119CE556B000BF2AE /* AppDelegate.m */,
				1539606C19CE556B000BF2AE /* Images.xcassets */,
				1539606E19CE556B000BF2AE /* LaunchScreen.xib */,
				1539608A19CE6A54000BF2AE /* DataLayer */,
				15E55A4419CF9CDF00816EB9 /* DependencyInjection */,
				1539608E19CE6B8A000BF2AE /* Feeds */,
				1539605C19CE556B000BF2AE /* Supporting Files */,
			);
			path = FeedLoader;
			sourceTree = "<group>";
		};
		1539605C19CE556B000BF2AE /* Supporting Files */ = {
			isa = PBXGroup;
			children = (
				1539605D19CE556B000BF2AE /* Info.plist */,
				1539605E19CE556B000BF2AE /* main.m */,
			);
			name = "Supporting Files";
			sourceTree = "<group>";
		};
		1539607819CE556B000BF2AE /* FeedLoaderTests */ = {
			isa = PBXGroup;
			children = (
				1539607B19CE556B000BF2AE /* FeedLoaderTests.m */,
				1539607919CE556B000BF2AE /* Supporting Files */,
			);
			path = FeedLoaderTests;
			sourceTree = "<group>";
		};
		1539607919CE556B000BF2AE /* Supporting Files */ = {
			isa = PBXGroup;
			children = (
				1539607A19CE556B000BF2AE /* Info.plist */,
			);
			name = "Supporting Files";
			sourceTree = "<group>";
		};
		1539608A19CE6A54000BF2AE /* DataLayer */ = {
			isa = PBXGroup;
			children = (
				1539608B19CE6AAD000BF2AE /* FeedLoader.xcdatamodeld */,
				1539609519CE6D53000BF2AE /* CoreDataStack.h */,
				1539609619CE6D53000BF2AE /* CoreDataStack.m */,
				1539609819CF0E4A000BF2AE /* FeedDataManager.h */,
				1539609919CF0E4A000BF2AE /* FeedDataManager.m */,
			);
			path = DataLayer;
			sourceTree = "<group>";
		};
		1539608E19CE6B8A000BF2AE /* Feeds */ = {
			isa = PBXGroup;
			children = (
				1539608F19CE6BAE000BF2AE /* Controllers */,
				1539609019CE6BAE000BF2AE /* Models */,
				1539609119CE6BAE000BF2AE /* Views */,
			);
			path = Feeds;
			sourceTree = "<group>";
		};
		1539608F19CE6BAE000BF2AE /* Controllers */ = {
			isa = PBXGroup;
			children = (
				1555EB3919CFB8490036B59F /* FeedDetail */,
				153960B919CF8779000BF2AE /* FeedList */,
				153960A619CF85EC000BF2AE /* FeedFetcher */,
				15A4D64D19D8DF2B009F703B /* FeedCache */,
				153960AA19CF85EC000BF2AE /* FeedManager */,
				153960AE19CF85EC000BF2AE /* ModelBuilders */,
			);
			path = Controllers;
			sourceTree = "<group>";
		};
		1539609019CE6BAE000BF2AE /* Models */ = {
			isa = PBXGroup;
			children = (
				1539609219CE6BC5000BF2AE /* Feed.h */,
				1539609319CE6BC5000BF2AE /* Feed.m */,
			);
			path = Models;
			sourceTree = "<group>";
		};
		1539609119CE6BAE000BF2AE /* Views */ = {
			isa = PBXGroup;
			children = (
				153960BF19CF87BA000BF2AE /* FeedListViewController.xib */,
				1555EB4119CFBD960036B59F /* FeedDetailViewController.xib */,
				153960C419CF8A2C000BF2AE /* Cards */,
			);
			path = Views;
			sourceTree = "<group>";
		};
		153960A619CF85EC000BF2AE /* FeedFetcher */ = {
			isa = PBXGroup;
			children = (
				153960A719CF85EC000BF2AE /* FeedFetcher.h */,
				153960A819CF85EC000BF2AE /* FileFeedFetcher.h */,
				153960A919CF85EC000BF2AE /* FileFeedFetcher.m */,
				1553AB2819CFA3C500D18C16 /* feeds.json */,
			);
			path = FeedFetcher;
			sourceTree = "<group>";
		};
		153960AA19CF85EC000BF2AE /* FeedManager */ = {
			isa = PBXGroup;
			children = (
				153960AB19CF85EC000BF2AE /* FeedManager.h */,
				153960AC19CF85EC000BF2AE /* FeedManager.m */,
				153960AD19CF85EC000BF2AE /* FeedManagerDelegate.h */,
			);
			path = FeedManager;
			sourceTree = "<group>";
		};
		153960AE19CF85EC000BF2AE /* ModelBuilders */ = {
			isa = PBXGroup;
			children = (
				153960AF19CF85EC000BF2AE /* FeedBuilder.h */,
				153960B019CF85EC000BF2AE /* FeedBuilder.m */,
			);
			path = ModelBuilders;
			sourceTree = "<group>";
		};
		153960B919CF8779000BF2AE /* FeedList */ = {
			isa = PBXGroup;
			children = (
				153960BA19CF8796000BF2AE /* FeedListViewController.h */,
				153960BB19CF8796000BF2AE /* FeedListViewController.m */,
				153960CA19CF9043000BF2AE /* FeedListTableDataSource.h */,
				153960C119CF8954000BF2AE /* FeedListTableDefaultDataSource.h */,
				153960C219CF8954000BF2AE /* FeedListTableDefaultDataSource.m */,
			);
			path = FeedList;
			sourceTree = "<group>";
		};
		153960C419CF8A2C000BF2AE /* Cards */ = {
			isa = PBXGroup;
			children = (
				153960C519CF8A54000BF2AE /* FeedCard.h */,
				153960C619CF8A54000BF2AE /* FeedCard.m */,
				153960C719CF8A54000BF2AE /* FeedCard.xib */,
				1555EB3419CFB64B0036B59F /* FeedDetailCard.h */,
				1555EB3519CFB64B0036B59F /* FeedDetailCard.m */,
				1555EB3719CFB6860036B59F /* FeedDetailCard.xib */,
			);
			path = Cards;
			sourceTree = "<group>";
		};
		1555EB3919CFB8490036B59F /* FeedDetail */ = {
			isa = PBXGroup;
			children = (
				1555EB3A19CFB86F0036B59F /* FeedDetailTableDataSource.h */,
				1555EB3B19CFBA380036B59F /* FeedDetailTableDefaultDataSource.h */,
				1555EB3C19CFBA380036B59F /* FeedDetailTableDefaultDataSource.m */,
				1555EB3E19CFBCEC0036B59F /* FeedDetailViewController.h */,
				1555EB3F19CFBCEC0036B59F /* FeedDetailViewController.m */,
				1555EB4319CFC59F0036B59F /* Shareable.h */,
			);
			name = FeedDetail;
			path = FeedLoader/Feeds/Controllers/FeedDetail;
			sourceTree = SOURCE_ROOT;
		};
		15A4D64D19D8DF2B009F703B /* FeedCache */ = {
			isa = PBXGroup;
			children = (
				15A4D64E19D8DF3D009F703B /* FeedCache.h */,
				15A4D64F19D8DF3D009F703B /* FeedCache.m */,
			);
			path = FeedCache;
			sourceTree = "<group>";
		};
		15E55A4419CF9CDF00816EB9 /* DependencyInjection */ = {
			isa = PBXGroup;
			children = (
				15E55A4519CF9CDF00816EB9 /* ObjectConfigurator.h */,
				15E55A4619CF9CDF00816EB9 /* ObjectConfigurator.m */,
			);
			path = DependencyInjection;
			sourceTree = "<group>";
		};
		922770E13C1E44C3B31DF01A /* Frameworks */ = {
			isa = PBXGroup;
			children = (
				EFD3A73E4F044FF7AF266EDF /* libPods.a */,
			);
			name = Frameworks;
			sourceTree = "<group>";
		};
/* End PBXGroup section */

/* Begin PBXNativeTarget section */
		1539605819CE556B000BF2AE /* FeedLoader */ = {
			isa = PBXNativeTarget;
			buildConfigurationList = 1539607F19CE556B000BF2AE /* Build configuration list for PBXNativeTarget "FeedLoader" */;
			buildPhases = (
				38AC1EFE1EC445E985C8A580 /* Check Pods Manifest.lock */,
				1539605519CE556B000BF2AE /* Sources */,
				1539605619CE556B000BF2AE /* Frameworks */,
				1539605719CE556B000BF2AE /* Resources */,
				870361BBCB834EDFBAA5368D /* Copy Pods Resources */,
			);
			buildRules = (
			);
			dependencies = (
			);
			name = FeedLoader;
			productName = FeedLoader;
			productReference = 1539605919CE556B000BF2AE /* FeedLoader.app */;
			productType = "com.apple.product-type.application";
		};
		1539607419CE556B000BF2AE /* FeedLoaderTests */ = {
			isa = PBXNativeTarget;
			buildConfigurationList = 1539608219CE556B000BF2AE /* Build configuration list for PBXNativeTarget "FeedLoaderTests" */;
			buildPhases = (
				1539607119CE556B000BF2AE /* Sources */,
				1539607219CE556B000BF2AE /* Frameworks */,
				1539607319CE556B000BF2AE /* Resources */,
			);
			buildRules = (
			);
			dependencies = (
				1539607719CE556B000BF2AE /* PBXTargetDependency */,
			);
			name = FeedLoaderTests;
			productName = FeedLoaderTests;
			productReference = 1539607519CE556B000BF2AE /* FeedLoaderTests.xctest */;
			productType = "com.apple.product-type.bundle.unit-test";
		};
/* End PBXNativeTarget section */

/* Begin PBXProject section */
		1539605119CE556B000BF2AE /* Project object */ = {
			isa = PBXProject;
			attributes = {
				CLASSPREFIX = "";
				LastUpgradeCheck = 0600;
				ORGANIZATIONNAME = "Pawan Poudel";
				TargetAttributes = {
					1539605819CE556B000BF2AE = {
						CreatedOnToolsVersion = 6.0.1;
					};
					1539607419CE556B000BF2AE = {
						CreatedOnToolsVersion = 6.0.1;
						TestTargetID = 1539605819CE556B000BF2AE;
					};
				};
			};
			buildConfigurationList = 1539605419CE556B000BF2AE /* Build configuration list for PBXProject "FeedLoader" */;
			compatibilityVersion = "Xcode 3.2";
			developmentRegion = English;
			hasScannedForEncodings = 0;
			knownRegions = (
				en,
				Base,
			);
			mainGroup = 1539605019CE556B000BF2AE;
			productRefGroup = 1539605A19CE556B000BF2AE /* Products */;
			projectDirPath = "";
			projectRoot = "";
			targets = (
				1539605819CE556B000BF2AE /* FeedLoader */,
				1539607419CE556B000BF2AE /* FeedLoaderTests */,
			);
		};
/* End PBXProject section */

/* Begin PBXResourcesBuildPhase section */
		1539605719CE556B000BF2AE /* Resources */ = {
			isa = PBXResourcesBuildPhase;
			buildActionMask = 2147483647;
			files = (
				1539607019CE556B000BF2AE /* LaunchScreen.xib in Resources */,
				1539606D19CE556B000BF2AE /* Images.xcassets in Resources */,
				1555EB3819CFB6860036B59F /* FeedDetailCard.xib in Resources */,
				153960C019CF87BA000BF2AE /* FeedListViewController.xib in Resources */,
				1553AB2919CFA3C500D18C16 /* feeds.json in Resources */,
				1555EB4219CFBD960036B59F /* FeedDetailViewController.xib in Resources */,
				153960C919CF8A54000BF2AE /* FeedCard.xib in Resources */,
			);
			runOnlyForDeploymentPostprocessing = 0;
		};
		1539607319CE556B000BF2AE /* Resources */ = {
			isa = PBXResourcesBuildPhase;
			buildActionMask = 2147483647;
			files = (
			);
			runOnlyForDeploymentPostprocessing = 0;
		};
/* End PBXResourcesBuildPhase section */

/* Begin PBXShellScriptBuildPhase section */
		38AC1EFE1EC445E985C8A580 /* Check Pods Manifest.lock */ = {
			isa = PBXShellScriptBuildPhase;
			buildActionMask = 2147483647;
			files = (
			);
			inputPaths = (
			);
			name = "Check Pods Manifest.lock";
			outputPaths = (
			);
			runOnlyForDeploymentPostprocessing = 0;
			shellPath = /bin/sh;
			shellScript = "diff \"${PODS_ROOT}/../Podfile.lock\" \"${PODS_ROOT}/Manifest.lock\" > /dev/null\nif [[ $? != 0 ]] ; then\n    cat << EOM\nerror: The sandbox is not in sync with the Podfile.lock. Run 'pod install' or update your CocoaPods installation.\nEOM\n    exit 1\nfi\n";
			showEnvVarsInLog = 0;
		};
		870361BBCB834EDFBAA5368D /* Copy Pods Resources */ = {
			isa = PBXShellScriptBuildPhase;
			buildActionMask = 2147483647;
			files = (
			);
			inputPaths = (
			);
			name = "Copy Pods Resources";
			outputPaths = (
			);
			runOnlyForDeploymentPostprocessing = 0;
			shellPath = /bin/sh;
			shellScript = "\"${SRCROOT}/Pods/Pods-resources.sh\"\n";
			showEnvVarsInLog = 0;
		};
/* End PBXShellScriptBuildPhase section */

/* Begin PBXSourcesBuildPhase section */
		1539605519CE556B000BF2AE /* Sources */ = {
			isa = PBXSourcesBuildPhase;
			buildActionMask = 2147483647;
			files = (
				1539609719CE6D53000BF2AE /* CoreDataStack.m in Sources */,
				153960C319CF8954000BF2AE /* FeedListTableDefaultDataSource.m in Sources */,
				1555EB3619CFB64B0036B59F /* FeedDetailCard.m in Sources */,
				153960B119CF85EC000BF2AE /* FileFeedFetcher.m in Sources */,
				153960C819CF8A54000BF2AE /* FeedCard.m in Sources */,
				1539608D19CE6AAD000BF2AE /* FeedLoader.xcdatamodeld in Sources */,
				153960B319CF85EC000BF2AE /* FeedBuilder.m in Sources */,
				1539609419CE6BC5000BF2AE /* Feed.m in Sources */,
				1539609A19CF0E4A000BF2AE /* FeedDataManager.m in Sources */,
				1539606219CE556B000BF2AE /* AppDelegate.m in Sources */,
				1555EB3D19CFBA380036B59F /* FeedDetailTableDefaultDataSource.m in Sources */,
				1555EB4019CFBCEC0036B59F /* FeedDetailViewController.m in Sources */,
				15E55A4719CF9CDF00816EB9 /* ObjectConfigurator.m in Sources */,
				1539605F19CE556B000BF2AE /* main.m in Sources */,
				15A4D65019D8DF3D009F703B /* FeedCache.m in Sources */,
				153960BD19CF8796000BF2AE /* FeedListViewController.m in Sources */,
				153960B219CF85EC000BF2AE /* FeedManager.m in Sources */,
			);
			runOnlyForDeploymentPostprocessing = 0;
		};
		1539607119CE556B000BF2AE /* Sources */ = {
			isa = PBXSourcesBuildPhase;
			buildActionMask = 2147483647;
			files = (
				1539607C19CE556B000BF2AE /* FeedLoaderTests.m in Sources */,
			);
			runOnlyForDeploymentPostprocessing = 0;
		};
/* End PBXSourcesBuildPhase section */

/* Begin PBXTargetDependency section */
		1539607719CE556B000BF2AE /* PBXTargetDependency */ = {
			isa = PBXTargetDependency;
			target = 1539605819CE556B000BF2AE /* FeedLoader */;
			targetProxy = 1539607619CE556B000BF2AE /* PBXContainerItemProxy */;
		};
/* End PBXTargetDependency section */

/* Begin PBXVariantGroup section */
		1539606E19CE556B000BF2AE /* LaunchScreen.xib */ = {
			isa = PBXVariantGroup;
			children = (
				1539606F19CE556B000BF2AE /* Base */,
			);
			name = LaunchScreen.xib;
			sourceTree = "<group>";
		};
/* End PBXVariantGroup section */

/* Begin XCBuildConfiguration section */
		1539607D19CE556B000BF2AE /* Debug */ = {
			isa = XCBuildConfiguration;
			buildSettings = {
				ALWAYS_SEARCH_USER_PATHS = NO;
				CLANG_CXX_LANGUAGE_STANDARD = "gnu++0x";
				CLANG_CXX_LIBRARY = "libc++";
				CLANG_ENABLE_MODULES = YES;
				CLANG_ENABLE_OBJC_ARC = YES;
				CLANG_WARN_BOOL_CONVERSION = YES;
				CLANG_WARN_CONSTANT_CONVERSION = YES;
				CLANG_WARN_DIRECT_OBJC_ISA_USAGE = YES_ERROR;
				CLANG_WARN_EMPTY_BODY = YES;
				CLANG_WARN_ENUM_CONVERSION = YES;
				CLANG_WARN_INT_CONVERSION = YES;
				CLANG_WARN_OBJC_ROOT_CLASS = YES_ERROR;
				CLANG_WARN_UNREACHABLE_CODE = YES;
				CLANG_WARN__DUPLICATE_METHOD_MATCH = YES;
				"CODE_SIGN_IDENTITY[sdk=iphoneos*]" = "iPhone Developer";
				COPY_PHASE_STRIP = NO;
				ENABLE_STRICT_OBJC_MSGSEND = YES;
				GCC_C_LANGUAGE_STANDARD = gnu99;
				GCC_DYNAMIC_NO_PIC = NO;
				GCC_OPTIMIZATION_LEVEL = 0;
				GCC_PREPROCESSOR_DEFINITIONS = (
					"DEBUG=1",
					"$(inherited)",
				);
				GCC_SYMBOLS_PRIVATE_EXTERN = NO;
				GCC_WARN_64_TO_32_BIT_CONVERSION = YES;
				GCC_WARN_ABOUT_RETURN_TYPE = YES_ERROR;
				GCC_WARN_UNDECLARED_SELECTOR = YES;
				GCC_WARN_UNINITIALIZED_AUTOS = YES_AGGRESSIVE;
				GCC_WARN_UNUSED_FUNCTION = YES;
				GCC_WARN_UNUSED_VARIABLE = YES;
				IPHONEOS_DEPLOYMENT_TARGET = 8.0;
				MTL_ENABLE_DEBUG_INFO = YES;
				ONLY_ACTIVE_ARCH = YES;
				SDKROOT = iphoneos;
			};
			name = Debug;
		};
		1539607E19CE556B000BF2AE /* Release */ = {
			isa = XCBuildConfiguration;
			buildSettings = {
				ALWAYS_SEARCH_USER_PATHS = NO;
				CLANG_CXX_LANGUAGE_STANDARD = "gnu++0x";
				CLANG_CXX_LIBRARY = "libc++";
				CLANG_ENABLE_MODULES = YES;
				CLANG_ENABLE_OBJC_ARC = YES;
				CLANG_WARN_BOOL_CONVERSION = YES;
				CLANG_WARN_CONSTANT_CONVERSION = YES;
				CLANG_WARN_DIRECT_OBJC_ISA_USAGE = YES_ERROR;
				CLANG_WARN_EMPTY_BODY = YES;
				CLANG_WARN_ENUM_CONVERSION = YES;
				CLANG_WARN_INT_CONVERSION = YES;
				CLANG_WARN_OBJC_ROOT_CLASS = YES_ERROR;
				CLANG_WARN_UNREACHABLE_CODE = YES;
				CLANG_WARN__DUPLICATE_METHOD_MATCH = YES;
				"CODE_SIGN_IDENTITY[sdk=iphoneos*]" = "iPhone Developer";
				COPY_PHASE_STRIP = YES;
				ENABLE_NS_ASSERTIONS = NO;
				ENABLE_STRICT_OBJC_MSGSEND = YES;
				GCC_C_LANGUAGE_STANDARD = gnu99;
				GCC_WARN_64_TO_32_BIT_CONVERSION = YES;
				GCC_WARN_ABOUT_RETURN_TYPE = YES_ERROR;
				GCC_WARN_UNDECLARED_SELECTOR = YES;
				GCC_WARN_UNINITIALIZED_AUTOS = YES_AGGRESSIVE;
				GCC_WARN_UNUSED_FUNCTION = YES;
				GCC_WARN_UNUSED_VARIABLE = YES;
				IPHONEOS_DEPLOYMENT_TARGET = 8.0;
				MTL_ENABLE_DEBUG_INFO = NO;
				SDKROOT = iphoneos;
				VALIDATE_PRODUCT = YES;
			};
			name = Release;
		};
		1539608019CE556B000BF2AE /* Debug */ = {
			isa = XCBuildConfiguration;
			baseConfigurationReference = 37D8620EB8F943588271952C /* Pods.xcconfig */;
			buildSettings = {
				ASSETCATALOG_COMPILER_APPICON_NAME = AppIcon;
				GCC_PRECOMPILE_PREFIX_HEADER = YES;
				INFOPLIST_FILE = FeedLoader/Info.plist;
				LD_RUNPATH_SEARCH_PATHS = "$(inherited) @executable_path/Frameworks";
				PRODUCT_NAME = "$(TARGET_NAME)";
			};
			name = Debug;
		};
		1539608119CE556B000BF2AE /* Release */ = {
			isa = XCBuildConfiguration;
			baseConfigurationReference = 37D8620EB8F943588271952C /* Pods.xcconfig */;
			buildSettings = {
				ASSETCATALOG_COMPILER_APPICON_NAME = AppIcon;
				GCC_PRECOMPILE_PREFIX_HEADER = YES;
				INFOPLIST_FILE = FeedLoader/Info.plist;
				LD_RUNPATH_SEARCH_PATHS = "$(inherited) @executable_path/Frameworks";
				PRODUCT_NAME = "$(TARGET_NAME)";
			};
			name = Release;
		};
		1539608319CE556B000BF2AE /* Debug */ = {
			isa = XCBuildConfiguration;
			buildSettings = {
				BUNDLE_LOADER = "$(TEST_HOST)";
				FRAMEWORK_SEARCH_PATHS = (
					"$(SDKROOT)/Developer/Library/Frameworks",
					"$(inherited)",
				);
				GCC_PREPROCESSOR_DEFINITIONS = (
					"DEBUG=1",
					"$(inherited)",
				);
				INFOPLIST_FILE = FeedLoaderTests/Info.plist;
				LD_RUNPATH_SEARCH_PATHS = "$(inherited) @executable_path/Frameworks @loader_path/Frameworks";
				PRODUCT_NAME = "$(TARGET_NAME)";
				TEST_HOST = "$(BUILT_PRODUCTS_DIR)/FeedLoader.app/FeedLoader";
			};
			name = Debug;
		};
		1539608419CE556B000BF2AE /* Release */ = {
			isa = XCBuildConfiguration;
			buildSettings = {
				BUNDLE_LOADER = "$(TEST_HOST)";
				FRAMEWORK_SEARCH_PATHS = (
					"$(SDKROOT)/Developer/Library/Frameworks",
					"$(inherited)",
				);
				INFOPLIST_FILE = FeedLoaderTests/Info.plist;
				LD_RUNPATH_SEARCH_PATHS = "$(inherited) @executable_path/Frameworks @loader_path/Frameworks";
				PRODUCT_NAME = "$(TARGET_NAME)";
				TEST_HOST = "$(BUILT_PRODUCTS_DIR)/FeedLoader.app/FeedLoader";
			};
			name = Release;
		};
/* End XCBuildConfiguration section */

/* Begin XCConfigurationList section */
		1539605419CE556B000BF2AE /* Build configuration list for PBXProject "FeedLoader" */ = {
			isa = XCConfigurationList;
			buildConfigurations = (
				1539607D19CE556B000BF2AE /* Debug */,
				1539607E19CE556B000BF2AE /* Release */,
			);
			defaultConfigurationIsVisible = 0;
			defaultConfigurationName = Release;
		};
		1539607F19CE556B000BF2AE /* Build configuration list for PBXNativeTarget "FeedLoader" */ = {
			isa = XCConfigurationList;
			buildConfigurations = (
				1539608019CE556B000BF2AE /* Debug */,
				1539608119CE556B000BF2AE /* Release */,
			);
			defaultConfigurationIsVisible = 0;
			defaultConfigurationName = Release;
		};
		1539608219CE556B000BF2AE /* Build configuration list for PBXNativeTarget "FeedLoaderTests" */ = {
			isa = XCConfigurationList;
			buildConfigurations = (
				1539608319CE556B000BF2AE /* Debug */,
				1539608419CE556B000BF2AE /* Release */,
			);
			defaultConfigurationIsVisible = 0;
			defaultConfigurationName = Release;
		};
/* End XCConfigurationList section */

/* Begin XCVersionGroup section */
		1539608B19CE6AAD000BF2AE /* FeedLoader.xcdatamodeld */ = {
			isa = XCVersionGroup;
			children = (
				1539608C19CE6AAD000BF2AE /* FeedLoader.xcdatamodel */,
			);
			currentVersion = 1539608C19CE6AAD000BF2AE /* FeedLoader.xcdatamodel */;
			path = FeedLoader.xcdatamodeld;
			sourceTree = "<group>";
			versionGroupType = wrapper.xcdatamodel;
		};
/* End XCVersionGroup section */
	};
	rootObject = 1539605119CE556B000BF2AE /* Project object */;
}
